
Microsoft Visual Studio Solution File, Format Version 12.00
# Visual Studio Version 16
VisualStudioVersion = 16.0.31727.386
MinimumVisualStudioVersion = 10.0.40219.1
Project("{FAE04EC0-301F-11D3-BF4B-00C04F79EFBC}") = "Lab6", "Lab6.csproj", "{8C8A4AA3-B6FD-4D7E-83FB-9D72AC97802E}"
EndProject
Global
	GlobalSection(SolutionConfigurationPlatforms) = preSolution
		Debug|Any CPU = Debug|Any CPU
		Release|Any CPU = Release|Any CPU
	EndGlobalSection
	GlobalSection(ProjectConfigurationPlatforms) = postSolution
		{8C8A4AA3-B6FD-4D7E-83FB-9D72AC97802E}.Debug|Any CPU.ActiveCfg = Debug|Any CPU
		{8C8A4AA3-B6FD-4D7E-83FB-9D72AC97802E}.Debug|Any CPU.Build.0 = Debug|Any CPU
		{8C8A4AA3-B6FD-4D7E-83FB-9D72AC97802E}.Release|Any CPU.ActiveCfg = Release|Any CPU
		{8C8A4AA3-B6FD-4D7E-83FB-9D72AC97802E}.Release|Any CPU.Build.0 = Release|Any CPU
	EndGlobalSection
	GlobalSection(SolutionProperties) = preSolution
		HideSolutionNode = FALSE
	EndGlobalSection
	GlobalSection(ExtensibilityGlobals) = postSolution
		SolutionGuid = {B44326A8-4CC4-4240-A1C4-2B8DA4031BE3}
	EndGlobalSection
EndGlobal
